
Microsoft Visual Studio Solution File, Format Version 12.00
# Visual Studio Version 17
VisualStudioVersion = 17.2.32519.379
MinimumVisualStudioVersion = 10.0.40219.1
Project("{FAE04EC0-301F-11D3-BF4B-00C04F79EFBC}") = "FigureUtils", "FigureUtils\FigureUtils.csproj", "{C9911F37-2B52-4770-8044-0CB654B68786}"
EndProject
Global
	GlobalSection(SolutionConfigurationPlatforms) = preSolution
		Debug|Any CPU = Debug|Any CPU
		Release|Any CPU = Release|Any CPU
	EndGlobalSection
	GlobalSection(ProjectConfigurationPlatforms) = postSolution
		{C9911F37-2B52-4770-8044-0CB654B68786}.Debug|Any CPU.ActiveCfg = Debug|Any CPU
		{C9911F37-2B52-4770-8044-0CB654B68786}.Debug|Any CPU.Build.0 = Debug|Any CPU
		{C9911F37-2B52-4770-8044-0CB654B68786}.Release|Any CPU.ActiveCfg = Release|Any CPU
		{C9911F37-2B52-4770-8044-0CB654B68786}.Release|Any CPU.Build.0 = Release|Any CPU
	EndGlobalSection
	GlobalSection(SolutionProperties) = preSolution
		HideSolutionNode = FALSE
	EndGlobalSection
	GlobalSection(ExtensibilityGlobals) = postSolution
		SolutionGuid = {DAC4F854-85A3-4B33-9A36-754A1486468F}
	EndGlobalSection
EndGlobal
